dependencies:
  espressif/fmt:
    component_hash: 629fefb141acf0bf838acbf9bac33ad22135b06b6da01f6cc657d59e83d5b213
    source:
      service_url: https://api.components.espressif.com/
      type: service
    version: 9.1.0
  idf:
    component_hash: null
    source:
      type: idf
    version: 5.0.0
manifest_hash: 514f1b05b7075469f5f1ea8a2b0d690cea458390f9d18f9b3aeac16ff03b9ec3
target: esp32
version: 1.0.0
